
Microsoft Visual Studio Solution File, Format Version 12.00
# Visual Studio Version 16
VisualStudioVersion = 25.0.1706.5
MinimumVisualStudioVersion = 10.0.40219.1
Project("{FAE04EC0-301F-11D3-BF4B-00C04F79EFBC}") = "isPrime", "isPrime\isPrime.csproj", "{672547B0-4E0B-4C29-A6C9-7E1BCF46FD3C}"
EndProject
Global
	GlobalSection(SolutionConfigurationPlatforms) = preSolution
		Debug|Any CPU = Debug|Any CPU
		Release|Any CPU = Release|Any CPU
	EndGlobalSection
	GlobalSection(ProjectConfigurationPlatforms) = postSolution
		{672547B0-4E0B-4C29-A6C9-7E1BCF46FD3C}.Debug|Any CPU.ActiveCfg = Debug|Any CPU
		{672547B0-4E0B-4C29-A6C9-7E1BCF46FD3C}.Debug|Any CPU.Build.0 = Debug|Any CPU
		{672547B0-4E0B-4C29-A6C9-7E1BCF46FD3C}.Release|Any CPU.ActiveCfg = Release|Any CPU
		{672547B0-4E0B-4C29-A6C9-7E1BCF46FD3C}.Release|Any CPU.Build.0 = Release|Any CPU
	EndGlobalSection
	GlobalSection(SolutionProperties) = preSolution
		HideSolutionNode = FALSE
	EndGlobalSection
	GlobalSection(ExtensibilityGlobals) = postSolution
		SolutionGuid = {81BE7AA1-B8E6-4086-9761-81FCE9CA8E6F}
	EndGlobalSection
EndGlobal
